
Microsoft Visual Studio Solution File, Format Version 12.00
# Visual Studio Version 16
VisualStudioVersion = 16.0.29728.190
MinimumVisualStudioVersion = 10.0.40219.1
Project("{8BC9CEB8-8B4A-11D0-8D11-00A0C91BC942}") = "parserair", "parserair\parserair.vcxproj", "{EF0DF1C9-906C-4C87-B6D2-D83D1A38E1AD}"
EndProject
Global
	GlobalSection(SolutionConfigurationPlatforms) = preSolution
		Debug|x64 = Debug|x64
		Debug|x86 = Debug|x86
		Release|x64 = Release|x64
		Release|x86 = Release|x86
	EndGlobalSection
	GlobalSection(ProjectConfigurationPlatforms) = postSolution
		{EF0DF1C9-906C-4C87-B6D2-D83D1A38E1AD}.Debug|x64.ActiveCfg = Debug|x64
		{EF0DF1C9-906C-4C87-B6D2-D83D1A38E1AD}.Debug|x64.Build.0 = Debug|x64
		{EF0DF1C9-906C-4C87-B6D2-D83D1A38E1AD}.Debug|x86.ActiveCfg = Debug|Win32
		{EF0DF1C9-906C-4C87-B6D2-D83D1A38E1AD}.Debug|x86.Build.0 = Debug|Win32
		{EF0DF1C9-906C-4C87-B6D2-D83D1A38E1AD}.Release|x64.ActiveCfg = Release|x64
		{EF0DF1C9-906C-4C87-B6D2-D83D1A38E1AD}.Release|x64.Build.0 = Release|x64
		{EF0DF1C9-906C-4C87-B6D2-D83D1A38E1AD}.Release|x86.ActiveCfg = Release|Win32
		{EF0DF1C9-906C-4C87-B6D2-D83D1A38E1AD}.Release|x86.Build.0 = Release|Win32
	EndGlobalSection
	GlobalSection(SolutionProperties) = preSolution
		HideSolutionNode = FALSE
	EndGlobalSection
	GlobalSection(ExtensibilityGlobals) = postSolution
		SolutionGuid = {9EAD6FF4-5831-428F-AE55-41288D40EFB7}
	EndGlobalSection
EndGlobal
